
Microsoft Visual Studio Solution File, Format Version 12.00
# Visual Studio 2012
Project("{FAE04EC0-301F-11D3-BF4B-00C04F79EFBC}") = "PaCong_", "PaCong_\PaCong_.csproj", "{09C7092D-D7BB-4AFB-902F-5D498615CD2B}"
EndProject
Project("{FAE04EC0-301F-11D3-BF4B-00C04F79EFBC}") = "PaCong_Math", "PaCong_Math\PaCong_Math.csproj", "{C8E7E0AB-C3F8-4FC9-8F82-8602C5297018}"
EndProject
Project("{FAE04EC0-301F-11D3-BF4B-00C04F79EFBC}") = "PaConginterface", "PaConginterface\PaConginterface.csproj", "{0F32F037-24A8-4990-8AA3-6ECD0EF37864}"
EndProject
Global
	GlobalSection(SolutionConfigurationPlatforms) = preSolution
		Debug|Any CPU = Debug|Any CPU
		Release|Any CPU = Release|Any CPU
	EndGlobalSection
	GlobalSection(ProjectConfigurationPlatforms) = postSolution
		{09C7092D-D7BB-4AFB-902F-5D498615CD2B}.Debug|Any CPU.ActiveCfg = Debug|Any CPU
		{09C7092D-D7BB-4AFB-902F-5D498615CD2B}.Debug|Any CPU.Build.0 = Debug|Any CPU
		{09C7092D-D7BB-4AFB-902F-5D498615CD2B}.Release|Any CPU.ActiveCfg = Release|Any CPU
		{09C7092D-D7BB-4AFB-902F-5D498615CD2B}.Release|Any CPU.Build.0 = Release|Any CPU
		{C8E7E0AB-C3F8-4FC9-8F82-8602C5297018}.Debug|Any CPU.ActiveCfg = Debug|Any CPU
		{C8E7E0AB-C3F8-4FC9-8F82-8602C5297018}.Debug|Any CPU.Build.0 = Debug|Any CPU
		{C8E7E0AB-C3F8-4FC9-8F82-8602C5297018}.Release|Any CPU.ActiveCfg = Release|Any CPU
		{C8E7E0AB-C3F8-4FC9-8F82-8602C5297018}.Release|Any CPU.Build.0 = Release|Any CPU
		{0F32F037-24A8-4990-8AA3-6ECD0EF37864}.Debug|Any CPU.ActiveCfg = Debug|Any CPU
		{0F32F037-24A8-4990-8AA3-6ECD0EF37864}.Debug|Any CPU.Build.0 = Debug|Any CPU
		{0F32F037-24A8-4990-8AA3-6ECD0EF37864}.Release|Any CPU.ActiveCfg = Release|Any CPU
		{0F32F037-24A8-4990-8AA3-6ECD0EF37864}.Release|Any CPU.Build.0 = Release|Any CPU
	EndGlobalSection
	GlobalSection(SolutionProperties) = preSolution
		HideSolutionNode = FALSE
	EndGlobalSection
EndGlobal
